
Microsoft Visual Studio Solution File, Format Version 12.00
# Visual Studio Version 16
VisualStudioVersion = 16.0.30330.147
MinimumVisualStudioVersion = 10.0.40219.1
Project("{9A19103F-16F7-4668-BE54-9A1E7A4F7556}") = "Interop", "Interop.csproj", "{36953EB3-B75A-40D3-9908-0F9766A573D0}"
EndProject
Project("{9A19103F-16F7-4668-BE54-9A1E7A4F7556}") = "Interop.Core", "..\Interop.Core\Interop.Core.csproj", "{E2078C36-FC9D-45E8-814E-F1BF339E4D74}"
EndProject
Global
	GlobalSection(SolutionConfigurationPlatforms) = preSolution
		Debug|Any CPU = Debug|Any CPU
		Release|Any CPU = Release|Any CPU
	EndGlobalSection
	GlobalSection(ProjectConfigurationPlatforms) = postSolution
		{36953EB3-B75A-40D3-9908-0F9766A573D0}.Debug|Any CPU.ActiveCfg = Debug|Any CPU
		{36953EB3-B75A-40D3-9908-0F9766A573D0}.Debug|Any CPU.Build.0 = Debug|Any CPU
		{36953EB3-B75A-40D3-9908-0F9766A573D0}.Release|Any CPU.ActiveCfg = Release|Any CPU
		{36953EB3-B75A-40D3-9908-0F9766A573D0}.Release|Any CPU.Build.0 = Release|Any CPU
		{E2078C36-FC9D-45E8-814E-F1BF339E4D74}.Debug|Any CPU.ActiveCfg = Debug|Any CPU
		{E2078C36-FC9D-45E8-814E-F1BF339E4D74}.Debug|Any CPU.Build.0 = Debug|Any CPU
		{E2078C36-FC9D-45E8-814E-F1BF339E4D74}.Release|Any CPU.ActiveCfg = Release|Any CPU
		{E2078C36-FC9D-45E8-814E-F1BF339E4D74}.Release|Any CPU.Build.0 = Release|Any CPU
	EndGlobalSection
	GlobalSection(SolutionProperties) = preSolution
		HideSolutionNode = FALSE
	EndGlobalSection
	GlobalSection(ExtensibilityGlobals) = postSolution
		SolutionGuid = {AFE6DD87-7D96-4F67-A821-EB282612F116}
	EndGlobalSection
EndGlobal
